// !$*UTF8*$!
{
	archiveVersion = 1;
	classes = {
	};
	objectVersion = 46;
	objects = {

/* Begin PBXBuildFile section */
		4327CAF41CC8FF6F00600A58 /* AppDelegate.swift in Sources */ = {isa = PBXBuildFile; fileRef = 4327CAF31CC8FF6F00600A58 /* AppDelegate.swift */; };
		4327CAF61CC8FF6F00600A58 /* ViewController.swift in Sources */ = {isa = PBXBuildFile; fileRef = 4327CAF51CC8FF6F00600A58 /* ViewController.swift */; };
		4327CAF91CC8FF6F00600A58 /* Main.storyboard in Resources */ = {isa = PBXBuildFile; fileRef = 4327CAF71CC8FF6F00600A58 /* Main.storyboard */; };
		4327CAFB1CC8FF6F00600A58 /* Assets.xcassets in Resources */ = {isa = PBXBuildFile; fileRef = 4327CAFA1CC8FF6F00600A58 /* Assets.xcassets */; };
		4327CAFE1CC8FF6F00600A58 /* LaunchScreen.storyboard in Resources */ = {isa = PBXBuildFile; fileRef = 4327CAFC1CC8FF6F00600A58 /* LaunchScreen.storyboard */; };
/* End PBXBuildFile section */

/* Begin PBXFileReference section */
		4327CAF01CC8FF6F00600A58 /* Navigation Bar.app */ = {isa = PBXFileReference; explicitFileType = wrapper.application; includeInIndex = 0; path = "Navigation Bar.app"; sourceTree = BUILT_PRODUCTS_DIR; };
		4327CAF31CC8FF6F00600A58 /* AppDelegate.swift */ = {isa = PBXFileReference; lastKnownFileType = sourcecode.swift; path = AppDelegate.swift; sourceTree = "<group>"; };
		4327CAF51CC8FF6F00600A58 /* ViewController.swift */ = {isa = PBXFileReference; lastKnownFileType = sourcecode.swift; path = ViewController.swift; sourceTree = "<group>"; };
		4327CAF81CC8FF6F00600A58 /* Base */ = {isa = PBXFileReference; lastKnownFileType = file.storyboard; name = Base; path = Base.lproj/Main.storyboard; sourceTree = "<group>"; };
		4327CAFA1CC8FF6F00600A58 /* Assets.xcassets */ = {isa = PBXFileReference; lastKnownFileType = folder.assetcatalog; path = Assets.xcassets; sourceTree = "<group>"; };
		4327CAFD1CC8FF6F00600A58 /* Base */ = {isa = PBXFileReference; lastKnownFileType = file.storyboard; name = Base; path = Base.lproj/LaunchScreen.storyboard; sourceTree = "<group>"; };
		4327CAFF1CC8FF6F00600A58 /* Info.plist */ = {isa = PBXFileReference; lastKnownFileType = text.plist.xml; path = Info.plist; sourceTree = "<group>"; };
/* End PBXFileReference section */

/* Begin PBXFrameworksBuildPhase section */
		4327CAED1CC8FF6F00600A58 /* Frameworks */ = {
			isa = PBXFrameworksBuildPhase;
			buildActionMask = 2147483647;
			files = (
			);
			runOnlyForDeploymentPostprocessing = 0;
		};
/* End PBXFrameworksBuildPhase section */

/* Begin PBXGroup section */
		4327CAE71CC8FF6F00600A58 = {
			isa = PBXGroup;
			children = (
				4327CAF21CC8FF6F00600A58 /* Navigation Bar */,
				4327CAF11CC8FF6F00600A58 /* Products */,
			);
			sourceTree = "<group>";
		};
		4327CAF11CC8FF6F00600A58 /* Products */ = {
			isa = PBXGroup;
			children = (
				4327CAF01CC8FF6F00600A58 /* Navigation Bar.app */,
			);
			name = Products;
			sourceTree = "<group>";
		};
		4327CAF21CC8FF6F00600A58 /* Navigation Bar */ = {
			isa = PBXGroup;
			children = (
				4327CAF31CC8FF6F00600A58 /* AppDelegate.swift */,
				4327CAF51CC8FF6F00600A58 /* ViewController.swift */,
				4327CAF71CC8FF6F00600A58 /* Main.storyboard */,
				4327CAFA1CC8FF6F00600A58 /* Assets.xcassets */,
				4327CAFC1CC8FF6F00600A58 /* LaunchScreen.storyboard */,
				4327CAFF1CC8FF6F00600A58 /* Info.plist */,
			);
			path = "Navigation Bar";
			sourceTree = "<group>";
		};
/* End PBXGroup section */

/* Begin PBXNativeTarget section */
		4327CAEF1CC8FF6F00600A58 /* Navigation Bar */ = {
			isa = PBXNativeTarget;
			buildConfigurationList = 4327CB021CC8FF6F00600A58 /* Build configuration list for PBXNativeTarget "Navigation Bar" */;
			buildPhases = (
				4327CAEC1CC8FF6F00600A58 /* Sources */,
				4327CAED1CC8FF6F00600A58 /* Frameworks */,
				4327CAEE1CC8FF6F00600A58 /* Resources */,
			);
			buildRules = (
			);
			dependencies = (
			);
			name = "Navigation Bar";
			productName = "Navigation Bar";
			productReference = 4327CAF01CC8FF6F00600A58 /* Navigation Bar.app */;
			productType = "com.apple.product-type.application";
		};
/* End PBXNativeTarget section */

/* Begin PBXProject section */
		4327CAE81CC8FF6F00600A58 /* Project object */ = {
			isa = PBXProject;
			attributes = {
				LastSwiftUpdateCheck = 0730;
				LastUpgradeCheck = 0730;
				ORGANIZATIONNAME = yaserBahrami;
				TargetAttributes = {
					4327CAEF1CC8FF6F00600A58 = {
						CreatedOnToolsVersion = 7.3;
						DevelopmentTeam = 83P5KX79QJ;
					};
				};
			};
			buildConfigurationList = 4327CAEB1CC8FF6F00600A58 /* Build configuration list for PBXProject "Navigation Bar" */;
			compatibilityVersion = "Xcode 3.2";
			developmentRegion = English;
			hasScannedForEncodings = 0;
			knownRegions = (
				en,
				Base,
			);
			mainGroup = 4327CAE71CC8FF6F00600A58;
			productRefGroup = 4327CAF11CC8FF6F00600A58 /* Products */;
			projectDirPath = "";
			projectRoot = "";
			targets = (
				4327CAEF1CC8FF6F00600A58 /* Navigation Bar */,
			);
		};
/* End PBXProject section */

/* Begin PBXResourcesBuildPhase section */
		4327CAEE1CC8FF6F00600A58 /* Resources */ = {
			isa = PBXResourcesBuildPhase;
			buildActionMask = 2147483647;
			files = (
				4327CAFE1CC8FF6F00600A58 /* LaunchScreen.storyboard in Resources */,
				4327CAFB1CC8FF6F00600A58 /* Assets.xcassets in Resources */,
				4327CAF91CC8FF6F00600A58 /* Main.storyboard in Resources */,
			);
			runOnlyForDeploymentPostprocessing = 0;
		};
/* End PBXResourcesBuildPhase section */

/* Begin PBXSourcesBuildPhase section */
		4327CAEC1CC8FF6F00600A58 /* Sources */ = {
			isa = PBXSourcesBuildPhase;
			buildActionMask = 2147483647;
			files = (
				4327CAF61CC8FF6F00600A58 /* ViewController.swift in Sources */,
				4327CAF41CC8FF6F00600A58 /* AppDelegate.swift in Sources */,
			);
			runOnlyForDeploymentPostprocessing = 0;
		};
/* End PBXSourcesBuildPhase section */

/* Begin PBXVariantGroup section */
		4327CAF71CC8FF6F00600A58 /* Main.storyboard */ = {
			isa = PBXVariantGroup;
			children = (
				4327CAF81CC8FF6F00600A58 /* Base */,
			);
			name = Main.storyboard;
			sourceTree = "<group>";
		};
		4327CAFC1CC8FF6F00600A58 /* LaunchScreen.storyboard */ = {
			isa = PBXVariantGroup;
			children = (
				4327CAFD1CC8FF6F00600A58 /* Base */,
			);
			name = LaunchScreen.storyboard;
			sourceTree = "<group>";
		};
/* End PBXVariantGroup section */

/* Begin XCBuildConfiguration section */
		4327CB001CC8FF6F00600A58 /* Debug */ = {
			isa = XCBuildConfiguration;
			buildSettings = {
				ALWAYS_SEARCH_USER_PATHS = NO;
				CLANG_ANALYZER_NONNULL = YES;
				CLANG_CXX_LANGUAGE_STANDARD = "gnu++0x";
				CLANG_CXX_LIBRARY = "libc++";
				CLANG_ENABLE_MODULES = YES;
				CLANG_ENABLE_OBJC_ARC = YES;
				CLANG_WARN_BOOL_CONVERSION = YES;
				CLANG_WARN_CONSTANT_CONVERSION = YES;
				CLANG_WARN_DIRECT_OBJC_ISA_USAGE = YES_ERROR;
				CLANG_WARN_EMPTY_BODY = YES;
				CLANG_WARN_ENUM_CONVERSION = YES;
				CLANG_WARN_INT_CONVERSION = YES;
				CLANG_WARN_OBJC_ROOT_CLASS = YES_ERROR;
				CLANG_WARN_UNREACHABLE_CODE = YES;
				CLANG_WARN__DUPLICATE_METHOD_MATCH = YES;
				"CODE_SIGN_IDENTITY[sdk=iphoneos*]" = "iPhone Developer";
				COPY_PHASE_STRIP = NO;
				DEBUG_INFORMATION_FORMAT = dwarf;
				ENABLE_STRICT_OBJC_MSGSEND = YES;
				ENABLE_TESTABILITY = YES;
				GCC_C_LANGUAGE_STANDARD = gnu99;
				GCC_DYNAMIC_NO_PIC = NO;
				GCC_NO_COMMON_BLOCKS = YES;
				GCC_OPTIMIZATION_LEVEL = 0;
				GCC_PREPROCESSOR_DEFINITIONS = (
					"DEBUG=1",
					"$(inherited)",
				);
				GCC_WARN_64_TO_32_BIT_CONVERSION = YES;
				GCC_WARN_ABOUT_RETURN_TYPE = YES_ERROR;
				GCC_WARN_UNDECLARED_SELECTOR = YES;
				GCC_WARN_UNINITIALIZED_AUTOS = YES_AGGRESSIVE;
				GCC_WARN_UNUSED_FUNCTION = YES;
				GCC_WARN_UNUSED_VARIABLE = YES;
				IPHONEOS_DEPLOYMENT_TARGET = 9.3;
				MTL_ENABLE_DEBUG_INFO = YES;
				ONLY_ACTIVE_ARCH = YES;
				SDKROOT = iphoneos;
				SWIFT_OPTIMIZATION_LEVEL = "-Onone";
			};
			name = Debug;
		};
		4327CB011CC8FF6F00600A58 /* Release */ = {
			isa = XCBuildConfiguration;
			buildSettings = {
				ALWAYS_SEARCH_USER_PATHS = NO;
				CLANG_ANALYZER_NONNULL = YES;
				CLANG_CXX_LANGUAGE_STANDARD = "gnu++0x";
				CLANG_CXX_LIBRARY = "libc++";
				CLANG_ENABLE_MODULES = YES;
				CLANG_ENABLE_OBJC_ARC = YES;
				CLANG_WARN_BOOL_CONVERSION = YES;
				CLANG_WARN_CONSTANT_CONVERSION = YES;
				CLANG_WARN_DIRECT_OBJC_ISA_USAGE = YES_ERROR;
				CLANG_WARN_EMPTY_BODY = YES;
				CLANG_WARN_ENUM_CONVERSION = YES;
				CLANG_WARN_INT_CONVERSION = YES;
				CLANG_WARN_OBJC_ROOT_CLASS = YES_ERROR;
				CLANG_WARN_UNREACHABLE_CODE = YES;
				CLANG_WARN__DUPLICATE_METHOD_MATCH = YES;
				"CODE_SIGN_IDENTITY[sdk=iphoneos*]" = "iPhone Developer";
				COPY_PHASE_STRIP = NO;
				DEBUG_INFORMATION_FORMAT = "dwarf-with-dsym";
				ENABLE_NS_ASSERTIONS = NO;
				ENABLE_STRICT_OBJC_MSGSEND = YES;
				GCC_C_LANGUAGE_STANDARD = gnu99;
				GCC_NO_COMMON_BLOCKS = YES;
				GCC_WARN_64_TO_32_BIT_CONVERSION = YES;
				GCC_WARN_ABOUT_RETURN_TYPE = YES_ERROR;
				GCC_WARN_UNDECLARED_SELECTOR = YES;
				GCC_WARN_UNINITIALIZED_AUTOS = YES_AGGRESSIVE;
				GCC_WARN_UNUSED_FUNCTION = YES;
				GCC_WARN_UNUSED_VARIABLE = YES;
				IPHONEOS_DEPLOYMENT_TARGET = 9.3;
				MTL_ENABLE_DEBUG_INFO = NO;
				SDKROOT = iphoneos;
				VALIDATE_PRODUCT = YES;
			};
			name = Release;
		};
		4327CB031CC8FF6F00600A58 /* Debug */ = {
			isa = XCBuildConfiguration;
			buildSettings = {
				ASSETCATALOG_COMPILER_APPICON_NAME = AppIcon;
				INFOPLIST_FILE = "Navigation Bar/Info.plist";
				IPHONEOS_DEPLOYMENT_TARGET = 9;
				LD_RUNPATH_SEARCH_PATHS = "$(inherited) @executable_path/Frameworks";
				PRODUCT_BUNDLE_IDENTIFIER = "com.yaserbahrami.myApps.Navigation-Bar";
				PRODUCT_NAME = "$(TARGET_NAME)";
			};
			name = Debug;
		};
		4327CB041CC8FF6F00600A58 /* Release */ = {
			isa = XCBuildConfiguration;
			buildSettings = {
				ASSETCATALOG_COMPILER_APPICON_NAME = AppIcon;
				INFOPLIST_FILE = "Navigation Bar/Info.plist";
				IPHONEOS_DEPLOYMENT_TARGET = 9;
				LD_RUNPATH_SEARCH_PATHS = "$(inherited) @executable_path/Frameworks";
				PRODUCT_BUNDLE_IDENTIFIER = "com.yaserbahrami.myApps.Navigation-Bar";
				PRODUCT_NAME = "$(TARGET_NAME)";
			};
			name = Release;
		};
/* End XCBuildConfiguration section */

/* Begin XCConfigurationList section */
		4327CAEB1CC8FF6F00600A58 /* Build configuration list for PBXProject "Navigation Bar" */ = {
			isa = XCConfigurationList;
			buildConfigurations = (
				4327CB001CC8FF6F00600A58 /* Debug */,
				4327CB011CC8FF6F00600A58 /* Release */,
			);
			defaultConfigurationIsVisible = 0;
			defaultConfigurationName = Release;
		};
		4327CB021CC8FF6F00600A58 /* Build configuration list for PBXNativeTarget "Navigation Bar" */ = {
			isa = XCConfigurationList;
			buildConfigurations = (
				4327CB031CC8FF6F00600A58 /* Debug */,
				4327CB041CC8FF6F00600A58 /* Release */,
			);
			defaultConfigurationIsVisible = 0;
		};
/* End XCConfigurationList section */
	};
	rootObject = 4327CAE81CC8FF6F00600A58 /* Project object */;
}
